// !$*UTF8*$!
{
	archiveVersion = 1;
	classes = {
	};
	objectVersion = 46;
	objects = {

/* Begin PBXBuildFile section */
		3E6BB8EE1F7F6F2A00FD1073 /* AppDelegate.swift in Sources */ = {isa = PBXBuildFile; fileRef = 3E6BB8ED1F7F6F2A00FD1073 /* AppDelegate.swift */; };
		3E6BB8F01F7F6F2A00FD1073 /* GameScene.sks in Resources */ = {isa = PBXBuildFile; fileRef = 3E6BB8EF1F7F6F2A00FD1073 /* GameScene.sks */; };
		3E6BB8F21F7F6F2A00FD1073 /* Actions.sks in Resources */ = {isa = PBXBuildFile; fileRef = 3E6BB8F11F7F6F2A00FD1073 /* Actions.sks */; };
		3E6BB8F91F7F6F2A00FD1073 /* Main.storyboard in Resources */ = {isa = PBXBuildFile; fileRef = 3E6BB8F71F7F6F2A00FD1073 /* Main.storyboard */; };
		3E6BB8FB1F7F6F2A00FD1073 /* Assets.xcassets in Resources */ = {isa = PBXBuildFile; fileRef = 3E6BB8FA1F7F6F2A00FD1073 /* Assets.xcassets */; };
		3E6BB8FE1F7F6F2A00FD1073 /* LaunchScreen.storyboard in Resources */ = {isa = PBXBuildFile; fileRef = 3E6BB8FC1F7F6F2A00FD1073 /* LaunchScreen.storyboard */; };
		3E6BB9061F7F6FE400FD1073 /* PhotoViewController.swift in Sources */ = {isa = PBXBuildFile; fileRef = 3E6BB9051F7F6FE400FD1073 /* PhotoViewController.swift */; };
		3E6BB90C1F7F73D200FD1073 /* StampViewController.swift in Sources */ = {isa = PBXBuildFile; fileRef = 3E6BB90B1F7F73D200FD1073 /* StampViewController.swift */; };
		3E6BB9551F7F77A400FD1073 /* back.png in Resources */ = {isa = PBXBuildFile; fileRef = 3E6BB94B1F7F77A400FD1073 /* back.png */; };
		3E6BB9561F7F77A400FD1073 /* cancel.png in Resources */ = {isa = PBXBuildFile; fileRef = 3E6BB94C1F7F77A400FD1073 /* cancel.png */; };
		3E6BB9571F7F77A400FD1073 /* chat.png in Resources */ = {isa = PBXBuildFile; fileRef = 3E6BB94D1F7F77A400FD1073 /* chat.png */; };
		3E6BB9581F7F77A400FD1073 /* copy.png in Resources */ = {isa = PBXBuildFile; fileRef = 3E6BB94E1F7F77A400FD1073 /* copy.png */; };
		3E6BB9591F7F77A400FD1073 /* download.png in Resources */ = {isa = PBXBuildFile; fileRef = 3E6BB94F1F7F77A400FD1073 /* download.png */; };
		3E6BB95A1F7F77A400FD1073 /* garbage.png in Resources */ = {isa = PBXBuildFile; fileRef = 3E6BB9501F7F77A400FD1073 /* garbage.png */; };
		3E6BB95B1F7F77A400FD1073 /* icon.png in Resources */ = {isa = PBXBuildFile; fileRef = 3E6BB9511F7F77A400FD1073 /* icon.png */; };
		3E6BB95C1F7F77A400FD1073 /* photo-camera.png in Resources */ = {isa = PBXBuildFile; fileRef = 3E6BB9521F7F77A400FD1073 /* photo-camera.png */; };
		3E6BB95D1F7F77A400FD1073 /* settings.png in Resources */ = {isa = PBXBuildFile; fileRef = 3E6BB9531F7F77A400FD1073 /* settings.png */; };
		3E6BB95E1F7F77A400FD1073 /* share.png in Resources */ = {isa = PBXBuildFile; fileRef = 3E6BB9541F7F77A400FD1073 /* share.png */; };
		3E6BB9731F7F77B800FD1073 /* angry.png in Resources */ = {isa = PBXBuildFile; fileRef = 3E6BB9601F7F77B800FD1073 /* angry.png */; };
		3E6BB9741F7F77B800FD1073 /* bored.png in Resources */ = {isa = PBXBuildFile; fileRef = 3E6BB9611F7F77B800FD1073 /* bored.png */; };
		3E6BB9751F7F77B800FD1073 /* confused.png in Resources */ = {isa = PBXBuildFile; fileRef = 3E6BB9621F7F77B800FD1073 /* confused.png */; };
		3E6BB9761F7F77B800FD1073 /* crying.png in Resources */ = {isa = PBXBuildFile; fileRef = 3E6BB9631F7F77B800FD1073 /* crying.png */; };
		3E6BB9771F7F77B800FD1073 /* happy (1).png in Resources */ = {isa = PBXBuildFile; fileRef = 3E6BB9641F7F77B800FD1073 /* happy (1).png */; };
		3E6BB9781F7F77B800FD1073 /* happy (2).png in Resources */ = {isa = PBXBuildFile; fileRef = 3E6BB9651F7F77B800FD1073 /* happy (2).png */; };
		3E6BB9791F7F77B800FD1073 /* happy (3).png in Resources */ = {isa = PBXBuildFile; fileRef = 3E6BB9661F7F77B800FD1073 /* happy (3).png */; };
		3E6BB97A1F7F77B800FD1073 /* happy.png in Resources */ = {isa = PBXBuildFile; fileRef = 3E6BB9671F7F77B800FD1073 /* happy.png */; };
		3E6BB97B1F7F77B800FD1073 /* in-love.png in Resources */ = {isa = PBXBuildFile; fileRef = 3E6BB9681F7F77B800FD1073 /* in-love.png */; };
		3E6BB97C1F7F77B800FD1073 /* kissing.png in Resources */ = {isa = PBXBuildFile; fileRef = 3E6BB9691F7F77B800FD1073 /* kissing.png */; };
		3E6BB97D1F7F77B800FD1073 /* mad.png in Resources */ = {isa = PBXBuildFile; fileRef = 3E6BB96A1F7F77B800FD1073 /* mad.png */; };
		3E6BB97E1F7F77B800FD1073 /* quiet.png in Resources */ = {isa = PBXBuildFile; fileRef = 3E6BB96B1F7F77B800FD1073 /* quiet.png */; };
		3E6BB97F1F7F77B800FD1073 /* smile.png in Resources */ = {isa = PBXBuildFile; fileRef = 3E6BB96C1F7F77B800FD1073 /* smile.png */; };
		3E6BB9801F7F77B800FD1073 /* smiling.png in Resources */ = {isa = PBXBuildFile; fileRef = 3E6BB96D1F7F77B800FD1073 /* smiling.png */; };
		3E6BB9811F7F77B800FD1073 /* Spring-master.zip in Resources */ = {isa = PBXBuildFile; fileRef = 3E6BB96E1F7F77B800FD1073 /* Spring-master.zip */; };
		3E6BB9821F7F77B800FD1073 /* surprised.png in Resources */ = {isa = PBXBuildFile; fileRef = 3E6BB96F1F7F77B800FD1073 /* surprised.png */; };
		3E6BB9831F7F77B800FD1073 /* tongue-out.png in Resources */ = {isa = PBXBuildFile; fileRef = 3E6BB9701F7F77B800FD1073 /* tongue-out.png */; };
		3E6BB9841F7F77B800FD1073 /* unhappy.png in Resources */ = {isa = PBXBuildFile; fileRef = 3E6BB9711F7F77B800FD1073 /* unhappy.png */; };
		3E6BB9851F7F77B800FD1073 /* wink.png in Resources */ = {isa = PBXBuildFile; fileRef = 3E6BB9721F7F77B800FD1073 /* wink.png */; };
/* End PBXBuildFile section */

/* Begin PBXFileReference section */
		3E6BB8EA1F7F6F2A00FD1073 /* MakeupPhoto.app */ = {isa = PBXFileReference; explicitFileType = wrapper.application; includeInIndex = 0; path = MakeupPhoto.app; sourceTree = BUILT_PRODUCTS_DIR; };
		3E6BB8ED1F7F6F2A00FD1073 /* AppDelegate.swift */ = {isa = PBXFileReference; lastKnownFileType = sourcecode.swift; path = AppDelegate.swift; sourceTree = "<group>"; };
		3E6BB8EF1F7F6F2A00FD1073 /* GameScene.sks */ = {isa = PBXFileReference; lastKnownFileType = file.sks; path = GameScene.sks; sourceTree = "<group>"; };
		3E6BB8F11F7F6F2A00FD1073 /* Actions.sks */ = {isa = PBXFileReference; lastKnownFileType = file.sks; path = Actions.sks; sourceTree = "<group>"; };
		3E6BB8F81F7F6F2A00FD1073 /* Base */ = {isa = PBXFileReference; lastKnownFileType = file.storyboard; name = Base; path = Base.lproj/Main.storyboard; sourceTree = "<group>"; };
		3E6BB8FA1F7F6F2A00FD1073 /* Assets.xcassets */ = {isa = PBXFileReference; lastKnownFileType = folder.assetcatalog; path = Assets.xcassets; sourceTree = "<group>"; };
		3E6BB8FD1F7F6F2A00FD1073 /* Base */ = {isa = PBXFileReference; lastKnownFileType = file.storyboard; name = Base; path = Base.lproj/LaunchScreen.storyboard; sourceTree = "<group>"; };
		3E6BB8FF1F7F6F2A00FD1073 /* Info.plist */ = {isa = PBXFileReference; lastKnownFileType = text.plist.xml; path = Info.plist; sourceTree = "<group>"; };
		3E6BB9051F7F6FE400FD1073 /* PhotoViewController.swift */ = {isa = PBXFileReference; fileEncoding = 4; lastKnownFileType = sourcecode.swift; path = PhotoViewController.swift; sourceTree = "<group>"; };
		3E6BB90B1F7F73D200FD1073 /* StampViewController.swift */ = {isa = PBXFileReference; fileEncoding = 4; lastKnownFileType = sourcecode.swift; path = StampViewController.swift; sourceTree = "<group>"; };
		3E6BB94B1F7F77A400FD1073 /* back.png */ = {isa = PBXFileReference; lastKnownFileType = image.png; path = back.png; sourceTree = "<group>"; };
		3E6BB94C1F7F77A400FD1073 /* cancel.png */ = {isa = PBXFileReference; lastKnownFileType = image.png; path = cancel.png; sourceTree = "<group>"; };
		3E6BB94D1F7F77A400FD1073 /* chat.png */ = {isa = PBXFileReference; lastKnownFileType = image.png; path = chat.png; sourceTree = "<group>"; };
		3E6BB94E1F7F77A400FD1073 /* copy.png */ = {isa = PBXFileReference; lastKnownFileType = image.png; path = copy.png; sourceTree = "<group>"; };
		3E6BB94F1F7F77A400FD1073 /* download.png */ = {isa = PBXFileReference; lastKnownFileType = image.png; path = download.png; sourceTree = "<group>"; };
		3E6BB9501F7F77A400FD1073 /* garbage.png */ = {isa = PBXFileReference; lastKnownFileType = image.png; path = garbage.png; sourceTree = "<group>"; };
		3E6BB9511F7F77A400FD1073 /* icon.png */ = {isa = PBXFileReference; lastKnownFileType = image.png; path = icon.png; sourceTree = "<group>"; };
		3E6BB9521F7F77A400FD1073 /* photo-camera.png */ = {isa = PBXFileReference; lastKnownFileType = image.png; path = "photo-camera.png"; sourceTree = "<group>"; };
		3E6BB9531F7F77A400FD1073 /* settings.png */ = {isa = PBXFileReference; lastKnownFileType = image.png; path = settings.png; sourceTree = "<group>"; };
		3E6BB9541F7F77A400FD1073 /* share.png */ = {isa = PBXFileReference; lastKnownFileType = image.png; path = share.png; sourceTree = "<group>"; };
		3E6BB9601F7F77B800FD1073 /* angry.png */ = {isa = PBXFileReference; lastKnownFileType = image.png; path = angry.png; sourceTree = "<group>"; };
		3E6BB9611F7F77B800FD1073 /* bored.png */ = {isa = PBXFileReference; lastKnownFileType = image.png; path = bored.png; sourceTree = "<group>"; };
		3E6BB9621F7F77B800FD1073 /* confused.png */ = {isa = PBXFileReference; lastKnownFileType = image.png; path = confused.png; sourceTree = "<group>"; };
		3E6BB9631F7F77B800FD1073 /* crying.png */ = {isa = PBXFileReference; lastKnownFileType = image.png; path = crying.png; sourceTree = "<group>"; };
		3E6BB9641F7F77B800FD1073 /* happy (1).png */ = {isa = PBXFileReference; lastKnownFileType = image.png; path = "happy (1).png"; sourceTree = "<group>"; };
		3E6BB9651F7F77B800FD1073 /* happy (2).png */ = {isa = PBXFileReference; lastKnownFileType = image.png; path = "happy (2).png"; sourceTree = "<group>"; };
		3E6BB9661F7F77B800FD1073 /* happy (3).png */ = {isa = PBXFileReference; lastKnownFileType = image.png; path = "happy (3).png"; sourceTree = "<group>"; };
		3E6BB9671F7F77B800FD1073 /* happy.png */ = {isa = PBXFileReference; lastKnownFileType = image.png; path = happy.png; sourceTree = "<group>"; };
		3E6BB9681F7F77B800FD1073 /* in-love.png */ = {isa = PBXFileReference; lastKnownFileType = image.png; path = "in-love.png"; sourceTree = "<group>"; };
		3E6BB9691F7F77B800FD1073 /* kissing.png */ = {isa = PBXFileReference; lastKnownFileType = image.png; path = kissing.png; sourceTree = "<group>"; };
		3E6BB96A1F7F77B800FD1073 /* mad.png */ = {isa = PBXFileReference; lastKnownFileType = image.png; path = mad.png; sourceTree = "<group>"; };
		3E6BB96B1F7F77B800FD1073 /* quiet.png */ = {isa = PBXFileReference; lastKnownFileType = image.png; path = quiet.png; sourceTree = "<group>"; };
		3E6BB96C1F7F77B800FD1073 /* smile.png */ = {isa = PBXFileReference; lastKnownFileType = image.png; path = smile.png; sourceTree = "<group>"; };
		3E6BB96D1F7F77B800FD1073 /* smiling.png */ = {isa = PBXFileReference; lastKnownFileType = image.png; path = smiling.png; sourceTree = "<group>"; };
		3E6BB96E1F7F77B800FD1073 /* Spring-master.zip */ = {isa = PBXFileReference; lastKnownFileType = archive.zip; path = "Spring-master.zip"; sourceTree = "<group>"; };
		3E6BB96F1F7F77B800FD1073 /* surprised.png */ = {isa = PBXFileReference; lastKnownFileType = image.png; path = surprised.png; sourceTree = "<group>"; };
		3E6BB9701F7F77B800FD1073 /* tongue-out.png */ = {isa = PBXFileReference; lastKnownFileType = image.png; path = "tongue-out.png"; sourceTree = "<group>"; };
		3E6BB9711F7F77B800FD1073 /* unhappy.png */ = {isa = PBXFileReference; lastKnownFileType = image.png; path = unhappy.png; sourceTree = "<group>"; };
		3E6BB9721F7F77B800FD1073 /* wink.png */ = {isa = PBXFileReference; lastKnownFileType = image.png; path = wink.png; sourceTree = "<group>"; };
/* End PBXFileReference section */

/* Begin PBXFrameworksBuildPhase section */
		3E6BB8E71F7F6F2A00FD1073 /* Frameworks */ = {
			isa = PBXFrameworksBuildPhase;
			buildActionMask = 2147483647;
			files = (
			);
			runOnlyForDeploymentPostprocessing = 0;
		};
/* End PBXFrameworksBuildPhase section */

/* Begin PBXGroup section */
		3E6BB8E11F7F6F2A00FD1073 = {
			isa = PBXGroup;
			children = (
				3E6BB8EC1F7F6F2A00FD1073 /* MakeupPhoto */,
				3E6BB8EB1F7F6F2A00FD1073 /* Products */,
			);
			sourceTree = "<group>";
		};
		3E6BB8EB1F7F6F2A00FD1073 /* Products */ = {
			isa = PBXGroup;
			children = (
				3E6BB8EA1F7F6F2A00FD1073 /* MakeupPhoto.app */,
			);
			name = Products;
			sourceTree = "<group>";
		};
		3E6BB8EC1F7F6F2A00FD1073 /* MakeupPhoto */ = {
			isa = PBXGroup;
			children = (
				3E6BB9511F7F77A400FD1073 /* icon.png */,
				3E6BB95F1F7F77AB00FD1073 /* Photoes */,
				3E6BB94A1F7F778000FD1073 /* icon */,
				3E6BB8ED1F7F6F2A00FD1073 /* AppDelegate.swift */,
				3E6BB8EF1F7F6F2A00FD1073 /* GameScene.sks */,
				3E6BB8F11F7F6F2A00FD1073 /* Actions.sks */,
				3E6BB9051F7F6FE400FD1073 /* PhotoViewController.swift */,
				3E6BB8F71F7F6F2A00FD1073 /* Main.storyboard */,
				3E6BB90B1F7F73D200FD1073 /* StampViewController.swift */,
				3E6BB8FA1F7F6F2A00FD1073 /* Assets.xcassets */,
				3E6BB8FC1F7F6F2A00FD1073 /* LaunchScreen.storyboard */,
				3E6BB8FF1F7F6F2A00FD1073 /* Info.plist */,
			);
			path = MakeupPhoto;
			sourceTree = "<group>";
		};
		3E6BB94A1F7F778000FD1073 /* icon */ = {
			isa = PBXGroup;
			children = (
				3E6BB94B1F7F77A400FD1073 /* back.png */,
				3E6BB94C1F7F77A400FD1073 /* cancel.png */,
				3E6BB94D1F7F77A400FD1073 /* chat.png */,
				3E6BB94E1F7F77A400FD1073 /* copy.png */,
				3E6BB94F1F7F77A400FD1073 /* download.png */,
				3E6BB9501F7F77A400FD1073 /* garbage.png */,
				3E6BB9521F7F77A400FD1073 /* photo-camera.png */,
				3E6BB9531F7F77A400FD1073 /* settings.png */,
				3E6BB9541F7F77A400FD1073 /* share.png */,
			);
			name = icon;
			sourceTree = "<group>";
		};
		3E6BB95F1F7F77AB00FD1073 /* Photoes */ = {
			isa = PBXGroup;
			children = (
				3E6BB9601F7F77B800FD1073 /* angry.png */,
				3E6BB9611F7F77B800FD1073 /* bored.png */,
				3E6BB9621F7F77B800FD1073 /* confused.png */,
				3E6BB9631F7F77B800FD1073 /* crying.png */,
				3E6BB9641F7F77B800FD1073 /* happy (1).png */,
				3E6BB9651F7F77B800FD1073 /* happy (2).png */,
				3E6BB9661F7F77B800FD1073 /* happy (3).png */,
				3E6BB9671F7F77B800FD1073 /* happy.png */,
				3E6BB9681F7F77B800FD1073 /* in-love.png */,
				3E6BB9691F7F77B800FD1073 /* kissing.png */,
				3E6BB96A1F7F77B800FD1073 /* mad.png */,
				3E6BB96B1F7F77B800FD1073 /* quiet.png */,
				3E6BB96C1F7F77B800FD1073 /* smile.png */,
				3E6BB96D1F7F77B800FD1073 /* smiling.png */,
				3E6BB96E1F7F77B800FD1073 /* Spring-master.zip */,
				3E6BB96F1F7F77B800FD1073 /* surprised.png */,
				3E6BB9701F7F77B800FD1073 /* tongue-out.png */,
				3E6BB9711F7F77B800FD1073 /* unhappy.png */,
				3E6BB9721F7F77B800FD1073 /* wink.png */,
			);
			name = Photoes;
			sourceTree = "<group>";
		};
/* End PBXGroup section */

/* Begin PBXNativeTarget section */
		3E6BB8E91F7F6F2A00FD1073 /* MakeupPhoto */ = {
			isa = PBXNativeTarget;
			buildConfigurationList = 3E6BB9021F7F6F2A00FD1073 /* Build configuration list for PBXNativeTarget "MakeupPhoto" */;
			buildPhases = (
				3E6BB8E61F7F6F2A00FD1073 /* Sources */,
				3E6BB8E71F7F6F2A00FD1073 /* Frameworks */,
				3E6BB8E81F7F6F2A00FD1073 /* Resources */,
			);
			buildRules = (
			);
			dependencies = (
			);
			name = MakeupPhoto;
			productName = MakeupPhoto;
			productReference = 3E6BB8EA1F7F6F2A00FD1073 /* MakeupPhoto.app */;
			productType = "com.apple.product-type.application";
		};
/* End PBXNativeTarget section */

/* Begin PBXProject section */
		3E6BB8E21F7F6F2A00FD1073 /* Project object */ = {
			isa = PBXProject;
			attributes = {
				LastSwiftUpdateCheck = 0830;
				LastUpgradeCheck = 0830;
				ORGANIZATIONNAME = "saki takada";
				TargetAttributes = {
					3E6BB8E91F7F6F2A00FD1073 = {
						CreatedOnToolsVersion = 8.3.2;
						DevelopmentTeam = QXTM62538V;
						ProvisioningStyle = Automatic;
					};
				};
			};
			buildConfigurationList = 3E6BB8E51F7F6F2A00FD1073 /* Build configuration list for PBXProject "MakeupPhoto" */;
			compatibilityVersion = "Xcode 3.2";
			developmentRegion = English;
			hasScannedForEncodings = 0;
			knownRegions = (
				en,
				Base,
			);
			mainGroup = 3E6BB8E11F7F6F2A00FD1073;
			productRefGroup = 3E6BB8EB1F7F6F2A00FD1073 /* Products */;
			projectDirPath = "";
			projectRoot = "";
			targets = (
				3E6BB8E91F7F6F2A00FD1073 /* MakeupPhoto */,
			);
		};
/* End PBXProject section */

/* Begin PBXResourcesBuildPhase section */
		3E6BB8E81F7F6F2A00FD1073 /* Resources */ = {
			isa = PBXResourcesBuildPhase;
			buildActionMask = 2147483647;
			files = (
				3E6BB97B1F7F77B800FD1073 /* in-love.png in Resources */,
				3E6BB9771F7F77B800FD1073 /* happy (1).png in Resources */,
				3E6BB95A1F7F77A400FD1073 /* garbage.png in Resources */,
				3E6BB8F91F7F6F2A00FD1073 /* Main.storyboard in Resources */,
				3E6BB9591F7F77A400FD1073 /* download.png in Resources */,
				3E6BB8F01F7F6F2A00FD1073 /* GameScene.sks in Resources */,
				3E6BB9751F7F77B800FD1073 /* confused.png in Resources */,
				3E6BB9581F7F77A400FD1073 /* copy.png in Resources */,
				3E6BB9821F7F77B800FD1073 /* surprised.png in Resources */,
				3E6BB9811F7F77B800FD1073 /* Spring-master.zip in Resources */,
				3E6BB9561F7F77A400FD1073 /* cancel.png in Resources */,
				3E6BB9741F7F77B800FD1073 /* bored.png in Resources */,
				3E6BB97C1F7F77B800FD1073 /* kissing.png in Resources */,
				3E6BB9571F7F77A400FD1073 /* chat.png in Resources */,
				3E6BB97D1F7F77B800FD1073 /* mad.png in Resources */,
				3E6BB95E1F7F77A400FD1073 /* share.png in Resources */,
				3E6BB97E1F7F77B800FD1073 /* quiet.png in Resources */,
				3E6BB9551F7F77A400FD1073 /* back.png in Resources */,
				3E6BB9781F7F77B800FD1073 /* happy (2).png in Resources */,
				3E6BB95D1F7F77A400FD1073 /* settings.png in Resources */,
				3E6BB97A1F7F77B800FD1073 /* happy.png in Resources */,
				3E6BB95B1F7F77A400FD1073 /* icon.png in Resources */,
				3E6BB9841F7F77B800FD1073 /* unhappy.png in Resources */,
				3E6BB8FB1F7F6F2A00FD1073 /* Assets.xcassets in Resources */,
				3E6BB9801F7F77B800FD1073 /* smiling.png in Resources */,
				3E6BB9831F7F77B800FD1073 /* tongue-out.png in Resources */,
				3E6BB8FE1F7F6F2A00FD1073 /* LaunchScreen.storyboard in Resources */,
				3E6BB97F1F7F77B800FD1073 /* smile.png in Resources */,
				3E6BB9731F7F77B800FD1073 /* angry.png in Resources */,
				3E6BB95C1F7F77A400FD1073 /* photo-camera.png in Resources */,
				3E6BB8F21F7F6F2A00FD1073 /* Actions.sks in Resources */,
				3E6BB9791F7F77B800FD1073 /* happy (3).png in Resources */,
				3E6BB9851F7F77B800FD1073 /* wink.png in Resources */,
				3E6BB9761F7F77B800FD1073 /* crying.png in Resources */,
			);
			runOnlyForDeploymentPostprocessing = 0;
		};
/* End PBXResourcesBuildPhase section */

/* Begin PBXSourcesBuildPhase section */
		3E6BB8E61F7F6F2A00FD1073 /* Sources */ = {
			isa = PBXSourcesBuildPhase;
			buildActionMask = 2147483647;
			files = (
				3E6BB9061F7F6FE400FD1073 /* PhotoViewController.swift in Sources */,
				3E6BB8EE1F7F6F2A00FD1073 /* AppDelegate.swift in Sources */,
				3E6BB90C1F7F73D200FD1073 /* StampViewController.swift in Sources */,
			);
			runOnlyForDeploymentPostprocessing = 0;
		};
/* End PBXSourcesBuildPhase section */

/* Begin PBXVariantGroup section */
		3E6BB8F71F7F6F2A00FD1073 /* Main.storyboard */ = {
			isa = PBXVariantGroup;
			children = (
				3E6BB8F81F7F6F2A00FD1073 /* Base */,
			);
			name = Main.storyboard;
			sourceTree = "<group>";
		};
		3E6BB8FC1F7F6F2A00FD1073 /* LaunchScreen.storyboard */ = {
			isa = PBXVariantGroup;
			children = (
				3E6BB8FD1F7F6F2A00FD1073 /* Base */,
			);
			name = LaunchScreen.storyboard;
			sourceTree = "<group>";
		};
/* End PBXVariantGroup section */

/* Begin XCBuildConfiguration section */
		3E6BB9001F7F6F2A00FD1073 /* Debug */ = {
			isa = XCBuildConfiguration;
			buildSettings = {
				ALWAYS_SEARCH_USER_PATHS = NO;
				CLANG_ANALYZER_NONNULL = YES;
				CLANG_ANALYZER_NUMBER_OBJECT_CONVERSION = YES_AGGRESSIVE;
				CLANG_CXX_LANGUAGE_STANDARD = "gnu++0x";
				CLANG_CXX_LIBRARY = "libc++";
				CLANG_ENABLE_MODULES = YES;
				CLANG_ENABLE_OBJC_ARC = YES;
				CLANG_WARN_BOOL_CONVERSION = YES;
				CLANG_WARN_CONSTANT_CONVERSION = YES;
				CLANG_WARN_DIRECT_OBJC_ISA_USAGE = YES_ERROR;
				CLANG_WARN_DOCUMENTATION_COMMENTS = YES;
				CLANG_WARN_EMPTY_BODY = YES;
				CLANG_WARN_ENUM_CONVERSION = YES;
				CLANG_WARN_INFINITE_RECURSION = YES;
				CLANG_WARN_INT_CONVERSION = YES;
				CLANG_WARN_OBJC_ROOT_CLASS = YES_ERROR;
				CLANG_WARN_SUSPICIOUS_MOVE = YES;
				CLANG_WARN_UNREACHABLE_CODE = YES;
				CLANG_WARN__DUPLICATE_METHOD_MATCH = YES;
				"CODE_SIGN_IDENTITY[sdk=iphoneos*]" = "iPhone Developer";
				COPY_PHASE_STRIP = NO;
				DEBUG_INFORMATION_FORMAT = dwarf;
				ENABLE_STRICT_OBJC_MSGSEND = YES;
				ENABLE_TESTABILITY = YES;
				GCC_C_LANGUAGE_STANDARD = gnu99;
				GCC_DYNAMIC_NO_PIC = NO;
				GCC_NO_COMMON_BLOCKS = YES;
				GCC_OPTIMIZATION_LEVEL = 0;
				GCC_PREPROCESSOR_DEFINITIONS = (
					"DEBUG=1",
					"$(inherited)",
				);
				GCC_WARN_64_TO_32_BIT_CONVERSION = YES;
				GCC_WARN_ABOUT_RETURN_TYPE = YES_ERROR;
				GCC_WARN_UNDECLARED_SELECTOR = YES;
				GCC_WARN_UNINITIALIZED_AUTOS = YES_AGGRESSIVE;
				GCC_WARN_UNUSED_FUNCTION = YES;
				GCC_WARN_UNUSED_VARIABLE = YES;
				IPHONEOS_DEPLOYMENT_TARGET = 10.3;
				MTL_ENABLE_DEBUG_INFO = YES;
				ONLY_ACTIVE_ARCH = YES;
				SDKROOT = iphoneos;
				SWIFT_ACTIVE_COMPILATION_CONDITIONS = DEBUG;
				SWIFT_OPTIMIZATION_LEVEL = "-Onone";
			};
			name = Debug;
		};
		3E6BB9011F7F6F2A00FD1073 /* Release */ = {
			isa = XCBuildConfiguration;
			buildSettings = {
				ALWAYS_SEARCH_USER_PATHS = NO;
				CLANG_ANALYZER_NONNULL = YES;
				CLANG_ANALYZER_NUMBER_OBJECT_CONVERSION = YES_AGGRESSIVE;
				CLANG_CXX_LANGUAGE_STANDARD = "gnu++0x";
				CLANG_CXX_LIBRARY = "libc++";
				CLANG_ENABLE_MODULES = YES;
				CLANG_ENABLE_OBJC_ARC = YES;
				CLANG_WARN_BOOL_CONVERSION = YES;
				CLANG_WARN_CONSTANT_CONVERSION = YES;
				CLANG_WARN_DIRECT_OBJC_ISA_USAGE = YES_ERROR;
				CLANG_WARN_DOCUMENTATION_COMMENTS = YES;
				CLANG_WARN_EMPTY_BODY = YES;
				CLANG_WARN_ENUM_CONVERSION = YES;
				CLANG_WARN_INFINITE_RECURSION = YES;
				CLANG_WARN_INT_CONVERSION = YES;
				CLANG_WARN_OBJC_ROOT_CLASS = YES_ERROR;
				CLANG_WARN_SUSPICIOUS_MOVE = YES;
				CLANG_WARN_UNREACHABLE_CODE = YES;
				CLANG_WARN__DUPLICATE_METHOD_MATCH = YES;
				"CODE_SIGN_IDENTITY[sdk=iphoneos*]" = "iPhone Developer";
				COPY_PHASE_STRIP = NO;
				DEBUG_INFORMATION_FORMAT = "dwarf-with-dsym";
				ENABLE_NS_ASSERTIONS = NO;
				ENABLE_STRICT_OBJC_MSGSEND = YES;
				GCC_C_LANGUAGE_STANDARD = gnu99;
				GCC_NO_COMMON_BLOCKS = YES;
				GCC_WARN_64_TO_32_BIT_CONVERSION = YES;
				GCC_WARN_ABOUT_RETURN_TYPE = YES_ERROR;
				GCC_WARN_UNDECLARED_SELECTOR = YES;
				GCC_WARN_UNINITIALIZED_AUTOS = YES_AGGRESSIVE;
				GCC_WARN_UNUSED_FUNCTION = YES;
				GCC_WARN_UNUSED_VARIABLE = YES;
				IPHONEOS_DEPLOYMENT_TARGET = 10.3;
				MTL_ENABLE_DEBUG_INFO = NO;
				SDKROOT = iphoneos;
				SWIFT_OPTIMIZATION_LEVEL = "-Owholemodule";
				VALIDATE_PRODUCT = YES;
			};
			name = Release;
		};
		3E6BB9031F7F6F2A00FD1073 /* Debug */ = {
			isa = XCBuildConfiguration;
			buildSettings = {
				ASSETCATALOG_COMPILER_APPICON_NAME = AppIcon;
				DEVELOPMENT_TEAM = QXTM62538V;
				INFOPLIST_FILE = MakeupPhoto/Info.plist;
				LD_RUNPATH_SEARCH_PATHS = "$(inherited) @executable_path/Frameworks";
				PRODUCT_BUNDLE_IDENTIFIER = saki.tsuda.ac.jp.MakeupPhoto;
				PRODUCT_NAME = "$(TARGET_NAME)";
				SWIFT_VERSION = 3.0;
			};
			name = Debug;
		};
		3E6BB9041F7F6F2A00FD1073 /* Release */ = {
			isa = XCBuildConfiguration;
			buildSettings = {
				ASSETCATALOG_COMPILER_APPICON_NAME = AppIcon;
				DEVELOPMENT_TEAM = QXTM62538V;
				INFOPLIST_FILE = MakeupPhoto/Info.plist;
				LD_RUNPATH_SEARCH_PATHS = "$(inherited) @executable_path/Frameworks";
				PRODUCT_BUNDLE_IDENTIFIER = saki.tsuda.ac.jp.MakeupPhoto;
				PRODUCT_NAME = "$(TARGET_NAME)";
				SWIFT_VERSION = 3.0;
			};
			name = Release;
		};
/* End XCBuildConfiguration section */

/* Begin XCConfigurationList section */
		3E6BB8E51F7F6F2A00FD1073 /* Build configuration list for PBXProject "MakeupPhoto" */ = {
			isa = XCConfigurationList;
			buildConfigurations = (
				3E6BB9001F7F6F2A00FD1073 /* Debug */,
				3E6BB9011F7F6F2A00FD1073 /* Release */,
			);
			defaultConfigurationIsVisible = 0;
			defaultConfigurationName = Release;
		};
		3E6BB9021F7F6F2A00FD1073 /* Build configuration list for PBXNativeTarget "MakeupPhoto" */ = {
			isa = XCConfigurationList;
			buildConfigurations = (
				3E6BB9031F7F6F2A00FD1073 /* Debug */,
				3E6BB9041F7F6F2A00FD1073 /* Release */,
			);
			defaultConfigurationIsVisible = 0;
		};
/* End XCConfigurationList section */
	};
	rootObject = 3E6BB8E21F7F6F2A00FD1073 /* Project object */;
}
